// !$*UTF8*$!
{
	archiveVersion = 1;
	classes = {
	};
	objectVersion = 50;
	objects = {

/* Begin PBXBuildFile section */
		DBF1A3032392B3D500EB0FE1 /* AppDelegate.swift in Sources */ = {isa = PBXBuildFile; fileRef = DBF1A3022392B3D500EB0FE1 /* AppDelegate.swift */; };
		DBF1A3052392B3D500EB0FE1 /* SceneDelegate.swift in Sources */ = {isa = PBXBuildFile; fileRef = DBF1A3042392B3D500EB0FE1 /* SceneDelegate.swift */; };
		DBF1A30A2392B3D500EB0FE1 /* Main.storyboard in Resources */ = {isa = PBXBuildFile; fileRef = DBF1A3082392B3D500EB0FE1 /* Main.storyboard */; };
		DBF1A30C2392B3D700EB0FE1 /* Assets.xcassets in Resources */ = {isa = PBXBuildFile; fileRef = DBF1A30B2392B3D700EB0FE1 /* Assets.xcassets */; };
		DBF1A30F2392B3D700EB0FE1 /* LaunchScreen.storyboard in Resources */ = {isa = PBXBuildFile; fileRef = DBF1A30D2392B3D700EB0FE1 /* LaunchScreen.storyboard */; };
		DBF1A3172392B82500EB0FE1 /* FlickrPhotosCollectionViewController.swift in Sources */ = {isa = PBXBuildFile; fileRef = DBF1A3162392B82500EB0FE1 /* FlickrPhotosCollectionViewController.swift */; };
		DBF1A31D2392B9B900EB0FE1 /* FlickrSearchResults.swift in Sources */ = {isa = PBXBuildFile; fileRef = DBF1A3192392B9B900EB0FE1 /* FlickrSearchResults.swift */; };
		DBF1A31E2392B9B900EB0FE1 /* Result.swift in Sources */ = {isa = PBXBuildFile; fileRef = DBF1A31A2392B9B900EB0FE1 /* Result.swift */; };
		DBF1A31F2392B9B900EB0FE1 /* FlickrPhoto.swift in Sources */ = {isa = PBXBuildFile; fileRef = DBF1A31B2392B9B900EB0FE1 /* FlickrPhoto.swift */; };
		DBF1A3202392B9B900EB0FE1 /* Flickr.swift in Sources */ = {isa = PBXBuildFile; fileRef = DBF1A31C2392B9B900EB0FE1 /* Flickr.swift */; };
		DBF1A3222392C25300EB0FE1 /* FlickrPhotoCell.swift in Sources */ = {isa = PBXBuildFile; fileRef = DBF1A3212392C25300EB0FE1 /* FlickrPhotoCell.swift */; };
		DBF1A3242392C26E00EB0FE1 /* FlickrPhotoHeaderView.swift in Sources */ = {isa = PBXBuildFile; fileRef = DBF1A3232392C26E00EB0FE1 /* FlickrPhotoHeaderView.swift */; };
/* End PBXBuildFile section */

/* Begin PBXFileReference section */
		DBF1A2FF2392B3D500EB0FE1 /* 5.CollectionView.app */ = {isa = PBXFileReference; explicitFileType = wrapper.application; includeInIndex = 0; path = 5.CollectionView.app; sourceTree = BUILT_PRODUCTS_DIR; };
		DBF1A3022392B3D500EB0FE1 /* AppDelegate.swift */ = {isa = PBXFileReference; lastKnownFileType = sourcecode.swift; path = AppDelegate.swift; sourceTree = "<group>"; };
		DBF1A3042392B3D500EB0FE1 /* SceneDelegate.swift */ = {isa = PBXFileReference; lastKnownFileType = sourcecode.swift; path = SceneDelegate.swift; sourceTree = "<group>"; };
		DBF1A3092392B3D500EB0FE1 /* Base */ = {isa = PBXFileReference; lastKnownFileType = file.storyboard; name = Base; path = Base.lproj/Main.storyboard; sourceTree = "<group>"; };
		DBF1A30B2392B3D700EB0FE1 /* Assets.xcassets */ = {isa = PBXFileReference; lastKnownFileType = folder.assetcatalog; path = Assets.xcassets; sourceTree = "<group>"; };
		DBF1A30E2392B3D700EB0FE1 /* Base */ = {isa = PBXFileReference; lastKnownFileType = file.storyboard; name = Base; path = Base.lproj/LaunchScreen.storyboard; sourceTree = "<group>"; };
		DBF1A3102392B3D700EB0FE1 /* Info.plist */ = {isa = PBXFileReference; lastKnownFileType = text.plist.xml; path = Info.plist; sourceTree = "<group>"; };
		DBF1A3162392B82500EB0FE1 /* FlickrPhotosCollectionViewController.swift */ = {isa = PBXFileReference; lastKnownFileType = sourcecode.swift; path = FlickrPhotosCollectionViewController.swift; sourceTree = "<group>"; };
		DBF1A3192392B9B900EB0FE1 /* FlickrSearchResults.swift */ = {isa = PBXFileReference; fileEncoding = 4; lastKnownFileType = sourcecode.swift; path = FlickrSearchResults.swift; sourceTree = "<group>"; };
		DBF1A31A2392B9B900EB0FE1 /* Result.swift */ = {isa = PBXFileReference; fileEncoding = 4; lastKnownFileType = sourcecode.swift; path = Result.swift; sourceTree = "<group>"; };
		DBF1A31B2392B9B900EB0FE1 /* FlickrPhoto.swift */ = {isa = PBXFileReference; fileEncoding = 4; lastKnownFileType = sourcecode.swift; path = FlickrPhoto.swift; sourceTree = "<group>"; };
		DBF1A31C2392B9B900EB0FE1 /* Flickr.swift */ = {isa = PBXFileReference; fileEncoding = 4; lastKnownFileType = sourcecode.swift; path = Flickr.swift; sourceTree = "<group>"; };
		DBF1A3212392C25300EB0FE1 /* FlickrPhotoCell.swift */ = {isa = PBXFileReference; lastKnownFileType = sourcecode.swift; path = FlickrPhotoCell.swift; sourceTree = "<group>"; };
		DBF1A3232392C26E00EB0FE1 /* FlickrPhotoHeaderView.swift */ = {isa = PBXFileReference; lastKnownFileType = sourcecode.swift; path = FlickrPhotoHeaderView.swift; sourceTree = "<group>"; };
/* End PBXFileReference section */

/* Begin PBXFrameworksBuildPhase section */
		DBF1A2FC2392B3D500EB0FE1 /* Frameworks */ = {
			isa = PBXFrameworksBuildPhase;
			buildActionMask = 2147483647;
			files = (
			);
			runOnlyForDeploymentPostprocessing = 0;
		};
/* End PBXFrameworksBuildPhase section */

/* Begin PBXGroup section */
		DBF1A2F62392B3D500EB0FE1 = {
			isa = PBXGroup;
			children = (
				DBF1A3012392B3D500EB0FE1 /* 5.CollectionView */,
				DBF1A3002392B3D500EB0FE1 /* Products */,
			);
			sourceTree = "<group>";
		};
		DBF1A3002392B3D500EB0FE1 /* Products */ = {
			isa = PBXGroup;
			children = (
				DBF1A2FF2392B3D500EB0FE1 /* 5.CollectionView.app */,
			);
			name = Products;
			sourceTree = "<group>";
		};
		DBF1A3012392B3D500EB0FE1 /* 5.CollectionView */ = {
			isa = PBXGroup;
			children = (
				DBF1A3182392B98F00EB0FE1 /* Flickr */,
				DBF1A3022392B3D500EB0FE1 /* AppDelegate.swift */,
				DBF1A3042392B3D500EB0FE1 /* SceneDelegate.swift */,
				DBF1A3082392B3D500EB0FE1 /* Main.storyboard */,
				DBF1A30B2392B3D700EB0FE1 /* Assets.xcassets */,
				DBF1A30D2392B3D700EB0FE1 /* LaunchScreen.storyboard */,
				DBF1A3102392B3D700EB0FE1 /* Info.plist */,
				DBF1A3162392B82500EB0FE1 /* FlickrPhotosCollectionViewController.swift */,
				DBF1A3212392C25300EB0FE1 /* FlickrPhotoCell.swift */,
				DBF1A3232392C26E00EB0FE1 /* FlickrPhotoHeaderView.swift */,
			);
			path = 5.CollectionView;
			sourceTree = "<group>";
		};
		DBF1A3182392B98F00EB0FE1 /* Flickr */ = {
			isa = PBXGroup;
			children = (
				DBF1A31C2392B9B900EB0FE1 /* Flickr.swift */,
				DBF1A31B2392B9B900EB0FE1 /* FlickrPhoto.swift */,
				DBF1A3192392B9B900EB0FE1 /* FlickrSearchResults.swift */,
				DBF1A31A2392B9B900EB0FE1 /* Result.swift */,
			);
			path = Flickr;
			sourceTree = "<group>";
		};
/* End PBXGroup section */

/* Begin PBXNativeTarget section */
		DBF1A2FE2392B3D500EB0FE1 /* 5.CollectionView */ = {
			isa = PBXNativeTarget;
			buildConfigurationList = DBF1A3132392B3D700EB0FE1 /* Build configuration list for PBXNativeTarget "5.CollectionView" */;
			buildPhases = (
				DBF1A2FB2392B3D500EB0FE1 /* Sources */,
				DBF1A2FC2392B3D500EB0FE1 /* Frameworks */,
				DBF1A2FD2392B3D500EB0FE1 /* Resources */,
			);
			buildRules = (
			);
			dependencies = (
			);
			name = 5.CollectionView;
			productName = 5.CollectionView;
			productReference = DBF1A2FF2392B3D500EB0FE1 /* 5.CollectionView.app */;
			productType = "com.apple.product-type.application";
		};
/* End PBXNativeTarget section */

/* Begin PBXProject section */
		DBF1A2F72392B3D500EB0FE1 /* Project object */ = {
			isa = PBXProject;
			attributes = {
				LastSwiftUpdateCheck = 1120;
				LastUpgradeCheck = 1120;
				ORGANIZATIONNAME = "李超逸";
				TargetAttributes = {
					DBF1A2FE2392B3D500EB0FE1 = {
						CreatedOnToolsVersion = 11.2.1;
					};
				};
			};
			buildConfigurationList = DBF1A2FA2392B3D500EB0FE1 /* Build configuration list for PBXProject "5.CollectionView" */;
			compatibilityVersion = "Xcode 9.3";
			developmentRegion = en;
			hasScannedForEncodings = 0;
			knownRegions = (
				en,
				Base,
			);
			mainGroup = DBF1A2F62392B3D500EB0FE1;
			productRefGroup = DBF1A3002392B3D500EB0FE1 /* Products */;
			projectDirPath = "";
			projectRoot = "";
			targets = (
				DBF1A2FE2392B3D500EB0FE1 /* 5.CollectionView */,
			);
		};
/* End PBXProject section */

/* Begin PBXResourcesBuildPhase section */
		DBF1A2FD2392B3D500EB0FE1 /* Resources */ = {
			isa = PBXResourcesBuildPhase;
			buildActionMask = 2147483647;
			files = (
				DBF1A30F2392B3D700EB0FE1 /* LaunchScreen.storyboard in Resources */,
				DBF1A30C2392B3D700EB0FE1 /* Assets.xcassets in Resources */,
				DBF1A30A2392B3D500EB0FE1 /* Main.storyboard in Resources */,
			);
			runOnlyForDeploymentPostprocessing = 0;
		};
/* End PBXResourcesBuildPhase section */

/* Begin PBXSourcesBuildPhase section */
		DBF1A2FB2392B3D500EB0FE1 /* Sources */ = {
			isa = PBXSourcesBuildPhase;
			buildActionMask = 2147483647;
			files = (
				DBF1A3032392B3D500EB0FE1 /* AppDelegate.swift in Sources */,
				DBF1A31F2392B9B900EB0FE1 /* FlickrPhoto.swift in Sources */,
				DBF1A31E2392B9B900EB0FE1 /* Result.swift in Sources */,
				DBF1A3052392B3D500EB0FE1 /* SceneDelegate.swift in Sources */,
				DBF1A3172392B82500EB0FE1 /* FlickrPhotosCollectionViewController.swift in Sources */,
				DBF1A3242392C26E00EB0FE1 /* FlickrPhotoHeaderView.swift in Sources */,
				DBF1A3222392C25300EB0FE1 /* FlickrPhotoCell.swift in Sources */,
				DBF1A3202392B9B900EB0FE1 /* Flickr.swift in Sources */,
				DBF1A31D2392B9B900EB0FE1 /* FlickrSearchResults.swift in Sources */,
			);
			runOnlyForDeploymentPostprocessing = 0;
		};
/* End PBXSourcesBuildPhase section */

/* Begin PBXVariantGroup section */
		DBF1A3082392B3D500EB0FE1 /* Main.storyboard */ = {
			isa = PBXVariantGroup;
			children = (
				DBF1A3092392B3D500EB0FE1 /* Base */,
			);
			name = Main.storyboard;
			sourceTree = "<group>";
		};
		DBF1A30D2392B3D700EB0FE1 /* LaunchScreen.storyboard */ = {
			isa = PBXVariantGroup;
			children = (
				DBF1A30E2392B3D700EB0FE1 /* Base */,
			);
			name = LaunchScreen.storyboard;
			sourceTree = "<group>";
		};
/* End PBXVariantGroup section */

/* Begin XCBuildConfiguration section */
		DBF1A3112392B3D700EB0FE1 /* Debug */ = {
			isa = XCBuildConfiguration;
			buildSettings = {
				ALWAYS_SEARCH_USER_PATHS = NO;
				CLANG_ANALYZER_NONNULL = YES;
				CLANG_ANALYZER_NUMBER_OBJECT_CONVERSION = YES_AGGRESSIVE;
				CLANG_CXX_LANGUAGE_STANDARD = "gnu++14";
				CLANG_CXX_LIBRARY = "libc++";
				CLANG_ENABLE_MODULES = YES;
				CLANG_ENABLE_OBJC_ARC = YES;
				CLANG_ENABLE_OBJC_WEAK = YES;
				CLANG_WARN_BLOCK_CAPTURE_AUTORELEASING = YES;
				CLANG_WARN_BOOL_CONVERSION = YES;
				CLANG_WARN_COMMA = YES;
				CLANG_WARN_CONSTANT_CONVERSION = YES;
				CLANG_WARN_DEPRECATED_OBJC_IMPLEMENTATIONS = YES;
				CLANG_WARN_DIRECT_OBJC_ISA_USAGE = YES_ERROR;
				CLANG_WARN_DOCUMENTATION_COMMENTS = YES;
				CLANG_WARN_EMPTY_BODY = YES;
				CLANG_WARN_ENUM_CONVERSION = YES;
				CLANG_WARN_INFINITE_RECURSION = YES;
				CLANG_WARN_INT_CONVERSION = YES;
				CLANG_WARN_NON_LITERAL_NULL_CONVERSION = YES;
				CLANG_WARN_OBJC_IMPLICIT_RETAIN_SELF = YES;
				CLANG_WARN_OBJC_LITERAL_CONVERSION = YES;
				CLANG_WARN_OBJC_ROOT_CLASS = YES_ERROR;
				CLANG_WARN_RANGE_LOOP_ANALYSIS = YES;
				CLANG_WARN_STRICT_PROTOTYPES = YES;
				CLANG_WARN_SUSPICIOUS_MOVE = YES;
				CLANG_WARN_UNGUARDED_AVAILABILITY = YES_AGGRESSIVE;
				CLANG_WARN_UNREACHABLE_CODE = YES;
				CLANG_WARN__DUPLICATE_METHOD_MATCH = YES;
				COPY_PHASE_STRIP = NO;
				DEBUG_INFORMATION_FORMAT = dwarf;
				ENABLE_STRICT_OBJC_MSGSEND = YES;
				ENABLE_TESTABILITY = YES;
				GCC_C_LANGUAGE_STANDARD = gnu11;
				GCC_DYNAMIC_NO_PIC = NO;
				GCC_NO_COMMON_BLOCKS = YES;
				GCC_OPTIMIZATION_LEVEL = 0;
				GCC_PREPROCESSOR_DEFINITIONS = (
					"DEBUG=1",
					"$(inherited)",
				);
				GCC_WARN_64_TO_32_BIT_CONVERSION = YES;
				GCC_WARN_ABOUT_RETURN_TYPE = YES_ERROR;
				GCC_WARN_UNDECLARED_SELECTOR = YES;
				GCC_WARN_UNINITIALIZED_AUTOS = YES_AGGRESSIVE;
				GCC_WARN_UNUSED_FUNCTION = YES;
				GCC_WARN_UNUSED_VARIABLE = YES;
				IPHONEOS_DEPLOYMENT_TARGET = 13.2;
				MTL_ENABLE_DEBUG_INFO = INCLUDE_SOURCE;
				MTL_FAST_MATH = YES;
				ONLY_ACTIVE_ARCH = YES;
				SDKROOT = iphoneos;
				SWIFT_ACTIVE_COMPILATION_CONDITIONS = DEBUG;
				SWIFT_OPTIMIZATION_LEVEL = "-Onone";
			};
			name = Debug;
		};
		DBF1A3122392B3D700EB0FE1 /* Release */ = {
			isa = XCBuildConfiguration;
			buildSettings = {
				ALWAYS_SEARCH_USER_PATHS = NO;
				CLANG_ANALYZER_NONNULL = YES;
				CLANG_ANALYZER_NUMBER_OBJECT_CONVERSION = YES_AGGRESSIVE;
				CLANG_CXX_LANGUAGE_STANDARD = "gnu++14";
				CLANG_CXX_LIBRARY = "libc++";
				CLANG_ENABLE_MODULES = YES;
				CLANG_ENABLE_OBJC_ARC = YES;
				CLANG_ENABLE_OBJC_WEAK = YES;
				CLANG_WARN_BLOCK_CAPTURE_AUTORELEASING = YES;
				CLANG_WARN_BOOL_CONVERSION = YES;
				CLANG_WARN_COMMA = YES;
				CLANG_WARN_CONSTANT_CONVERSION = YES;
				CLANG_WARN_DEPRECATED_OBJC_IMPLEMENTATIONS = YES;
				CLANG_WARN_DIRECT_OBJC_ISA_USAGE = YES_ERROR;
				CLANG_WARN_DOCUMENTATION_COMMENTS = YES;
				CLANG_WARN_EMPTY_BODY = YES;
				CLANG_WARN_ENUM_CONVERSION = YES;
				CLANG_WARN_INFINITE_RECURSION = YES;
				CLANG_WARN_INT_CONVERSION = YES;
				CLANG_WARN_NON_LITERAL_NULL_CONVERSION = YES;
				CLANG_WARN_OBJC_IMPLICIT_RETAIN_SELF = YES;
				CLANG_WARN_OBJC_LITERAL_CONVERSION = YES;
				CLANG_WARN_OBJC_ROOT_CLASS = YES_ERROR;
				CLANG_WARN_RANGE_LOOP_ANALYSIS = YES;
				CLANG_WARN_STRICT_PROTOTYPES = YES;
				CLANG_WARN_SUSPICIOUS_MOVE = YES;
				CLANG_WARN_UNGUARDED_AVAILABILITY = YES_AGGRESSIVE;
				CLANG_WARN_UNREACHABLE_CODE = YES;
				CLANG_WARN__DUPLICATE_METHOD_MATCH = YES;
				COPY_PHASE_STRIP = NO;
				DEBUG_INFORMATION_FORMAT = "dwarf-with-dsym";
				ENABLE_NS_ASSERTIONS = NO;
				ENABLE_STRICT_OBJC_MSGSEND = YES;
				GCC_C_LANGUAGE_STANDARD = gnu11;
				GCC_NO_COMMON_BLOCKS = YES;
				GCC_WARN_64_TO_32_BIT_CONVERSION = YES;
				GCC_WARN_ABOUT_RETURN_TYPE = YES_ERROR;
				GCC_WARN_UNDECLARED_SELECTOR = YES;
				GCC_WARN_UNINITIALIZED_AUTOS = YES_AGGRESSIVE;
				GCC_WARN_UNUSED_FUNCTION = YES;
				GCC_WARN_UNUSED_VARIABLE = YES;
				IPHONEOS_DEPLOYMENT_TARGET = 13.2;
				MTL_ENABLE_DEBUG_INFO = NO;
				MTL_FAST_MATH = YES;
				SDKROOT = iphoneos;
				SWIFT_COMPILATION_MODE = wholemodule;
				SWIFT_OPTIMIZATION_LEVEL = "-O";
				VALIDATE_PRODUCT = YES;
			};
			name = Release;
		};
		DBF1A3142392B3D700EB0FE1 /* Debug */ = {
			isa = XCBuildConfiguration;
			buildSettings = {
				ASSETCATALOG_COMPILER_APPICON_NAME = AppIcon;
				CODE_SIGN_STYLE = Automatic;
				DEVELOPMENT_TEAM = HP7DBBJFF9;
				INFOPLIST_FILE = 5.CollectionView/Info.plist;
				LD_RUNPATH_SEARCH_PATHS = (
					"$(inherited)",
					"@executable_path/Frameworks",
				);
				PRODUCT_BUNDLE_IDENTIFIER = "com.icylydia.--CollectionView";
				PRODUCT_NAME = "$(TARGET_NAME)";
				SWIFT_VERSION = 5.0;
				TARGETED_DEVICE_FAMILY = "1,2";
			};
			name = Debug;
		};
		DBF1A3152392B3D700EB0FE1 /* Release */ = {
			isa = XCBuildConfiguration;
			buildSettings = {
				ASSETCATALOG_COMPILER_APPICON_NAME = AppIcon;
				CODE_SIGN_STYLE = Automatic;
				DEVELOPMENT_TEAM = HP7DBBJFF9;
				INFOPLIST_FILE = 5.CollectionView/Info.plist;
				LD_RUNPATH_SEARCH_PATHS = (
					"$(inherited)",
					"@executable_path/Frameworks",
				);
				PRODUCT_BUNDLE_IDENTIFIER = "com.icylydia.--CollectionView";
				PRODUCT_NAME = "$(TARGET_NAME)";
				SWIFT_VERSION = 5.0;
				TARGETED_DEVICE_FAMILY = "1,2";
			};
			name = Release;
		};
/* End XCBuildConfiguration section */

/* Begin XCConfigurationList section */
		DBF1A2FA2392B3D500EB0FE1 /* Build configuration list for PBXProject "5.CollectionView" */ = {
			isa = XCConfigurationList;
			buildConfigurations = (
				DBF1A3112392B3D700EB0FE1 /* Debug */,
				DBF1A3122392B3D700EB0FE1 /* Release */,
			);
			defaultConfigurationIsVisible = 0;
			defaultConfigurationName = Release;
		};
		DBF1A3132392B3D700EB0FE1 /* Build configuration list for PBXNativeTarget "5.CollectionView" */ = {
			isa = XCConfigurationList;
			buildConfigurations = (
				DBF1A3142392B3D700EB0FE1 /* Debug */,
				DBF1A3152392B3D700EB0FE1 /* Release */,
			);
			defaultConfigurationIsVisible = 0;
			defaultConfigurationName = Release;
		};
/* End XCConfigurationList section */
	};
	rootObject = DBF1A2F72392B3D500EB0FE1 /* Project object */;
}
